// !$*UTF8*$!
{
	archiveVersion = 1;
	classes = {
	};
	objectVersion = 46;
	objects = {

/* Begin PBXBuildFile section */
		17897E381E98143D007F92C6 /* ConversionViewController.swift in Sources */ = {isa = PBXBuildFile; fileRef = 17897E371E98143D007F92C6 /* ConversionViewController.swift */; };
		17D6F7F81E95AE61004F3965 /* AppDelegate.swift in Sources */ = {isa = PBXBuildFile; fileRef = 17D6F7F71E95AE61004F3965 /* AppDelegate.swift */; };
		17D6F7FD1E95AE61004F3965 /* Main.storyboard in Resources */ = {isa = PBXBuildFile; fileRef = 17D6F7FB1E95AE61004F3965 /* Main.storyboard */; };
		17D6F7FF1E95AE61004F3965 /* Assets.xcassets in Resources */ = {isa = PBXBuildFile; fileRef = 17D6F7FE1E95AE61004F3965 /* Assets.xcassets */; };
		17D6F8021E95AE61004F3965 /* LaunchScreen.storyboard in Resources */ = {isa = PBXBuildFile; fileRef = 17D6F8001E95AE61004F3965 /* LaunchScreen.storyboard */; };
		17D6F80D1E95AE61004F3965 /* WorldTrotterTests.swift in Sources */ = {isa = PBXBuildFile; fileRef = 17D6F80C1E95AE61004F3965 /* WorldTrotterTests.swift */; };
		17D6F8181E95AE61004F3965 /* WorldTrotterUITests.swift in Sources */ = {isa = PBXBuildFile; fileRef = 17D6F8171E95AE61004F3965 /* WorldTrotterUITests.swift */; };
/* End PBXBuildFile section */

/* Begin PBXContainerItemProxy section */
		17D6F8091E95AE61004F3965 /* PBXContainerItemProxy */ = {
			isa = PBXContainerItemProxy;
			containerPortal = 17D6F7EC1E95AE60004F3965 /* Project object */;
			proxyType = 1;
			remoteGlobalIDString = 17D6F7F31E95AE61004F3965;
			remoteInfo = WorldTrotter;
		};
		17D6F8141E95AE61004F3965 /* PBXContainerItemProxy */ = {
			isa = PBXContainerItemProxy;
			containerPortal = 17D6F7EC1E95AE60004F3965 /* Project object */;
			proxyType = 1;
			remoteGlobalIDString = 17D6F7F31E95AE61004F3965;
			remoteInfo = WorldTrotter;
		};
/* End PBXContainerItemProxy section */

/* Begin PBXFileReference section */
		17897E371E98143D007F92C6 /* ConversionViewController.swift */ = {isa = PBXFileReference; fileEncoding = 4; lastKnownFileType = sourcecode.swift; path = ConversionViewController.swift; sourceTree = "<group>"; };
		17D6F7F41E95AE61004F3965 /* WorldTrotter.app */ = {isa = PBXFileReference; explicitFileType = wrapper.application; includeInIndex = 0; path = WorldTrotter.app; sourceTree = BUILT_PRODUCTS_DIR; };
		17D6F7F71E95AE61004F3965 /* AppDelegate.swift */ = {isa = PBXFileReference; lastKnownFileType = sourcecode.swift; path = AppDelegate.swift; sourceTree = "<group>"; };
		17D6F7FC1E95AE61004F3965 /* Base */ = {isa = PBXFileReference; lastKnownFileType = file.storyboard; name = Base; path = Base.lproj/Main.storyboard; sourceTree = "<group>"; };
		17D6F7FE1E95AE61004F3965 /* Assets.xcassets */ = {isa = PBXFileReference; lastKnownFileType = folder.assetcatalog; path = Assets.xcassets; sourceTree = "<group>"; };
		17D6F8011E95AE61004F3965 /* Base */ = {isa = PBXFileReference; lastKnownFileType = file.storyboard; name = Base; path = Base.lproj/LaunchScreen.storyboard; sourceTree = "<group>"; };
		17D6F8031E95AE61004F3965 /* Info.plist */ = {isa = PBXFileReference; lastKnownFileType = text.plist.xml; path = Info.plist; sourceTree = "<group>"; };
		17D6F8081E95AE61004F3965 /* WorldTrotterTests.xctest */ = {isa = PBXFileReference; explicitFileType = wrapper.cfbundle; includeInIndex = 0; path = WorldTrotterTests.xctest; sourceTree = BUILT_PRODUCTS_DIR; };
		17D6F80C1E95AE61004F3965 /* WorldTrotterTests.swift */ = {isa = PBXFileReference; lastKnownFileType = sourcecode.swift; path = WorldTrotterTests.swift; sourceTree = "<group>"; };
		17D6F80E1E95AE61004F3965 /* Info.plist */ = {isa = PBXFileReference; lastKnownFileType = text.plist.xml; path = Info.plist; sourceTree = "<group>"; };
		17D6F8131E95AE61004F3965 /* WorldTrotterUITests.xctest */ = {isa = PBXFileReference; explicitFileType = wrapper.cfbundle; includeInIndex = 0; path = WorldTrotterUITests.xctest; sourceTree = BUILT_PRODUCTS_DIR; };
		17D6F8171E95AE61004F3965 /* WorldTrotterUITests.swift */ = {isa = PBXFileReference; lastKnownFileType = sourcecode.swift; path = WorldTrotterUITests.swift; sourceTree = "<group>"; };
		17D6F8191E95AE61004F3965 /* Info.plist */ = {isa = PBXFileReference; lastKnownFileType = text.plist.xml; path = Info.plist; sourceTree = "<group>"; };
/* End PBXFileReference section */

/* Begin PBXFrameworksBuildPhase section */
		17D6F7F11E95AE61004F3965 /* Frameworks */ = {
			isa = PBXFrameworksBuildPhase;
			buildActionMask = 2147483647;
			files = (
			);
			runOnlyForDeploymentPostprocessing = 0;
		};
		17D6F8051E95AE61004F3965 /* Frameworks */ = {
			isa = PBXFrameworksBuildPhase;
			buildActionMask = 2147483647;
			files = (
			);
			runOnlyForDeploymentPostprocessing = 0;
		};
		17D6F8101E95AE61004F3965 /* Frameworks */ = {
			isa = PBXFrameworksBuildPhase;
			buildActionMask = 2147483647;
			files = (
			);
			runOnlyForDeploymentPostprocessing = 0;
		};
/* End PBXFrameworksBuildPhase section */

/* Begin PBXGroup section */
		17D6F7EB1E95AE60004F3965 = {
			isa = PBXGroup;
			children = (
				17D6F7F61E95AE61004F3965 /* WorldTrotter */,
				17D6F80B1E95AE61004F3965 /* WorldTrotterTests */,
				17D6F8161E95AE61004F3965 /* WorldTrotterUITests */,
				17D6F7F51E95AE61004F3965 /* Products */,
			);
			sourceTree = "<group>";
		};
		17D6F7F51E95AE61004F3965 /* Products */ = {
			isa = PBXGroup;
			children = (
				17D6F7F41E95AE61004F3965 /* WorldTrotter.app */,
				17D6F8081E95AE61004F3965 /* WorldTrotterTests.xctest */,
				17D6F8131E95AE61004F3965 /* WorldTrotterUITests.xctest */,
			);
			name = Products;
			sourceTree = "<group>";
		};
		17D6F7F61E95AE61004F3965 /* WorldTrotter */ = {
			isa = PBXGroup;
			children = (
				17897E371E98143D007F92C6 /* ConversionViewController.swift */,
				17D6F7F71E95AE61004F3965 /* AppDelegate.swift */,
				17D6F7FB1E95AE61004F3965 /* Main.storyboard */,
				17D6F7FE1E95AE61004F3965 /* Assets.xcassets */,
				17D6F8001E95AE61004F3965 /* LaunchScreen.storyboard */,
				17D6F8031E95AE61004F3965 /* Info.plist */,
			);
			path = WorldTrotter;
			sourceTree = "<group>";
		};
		17D6F80B1E95AE61004F3965 /* WorldTrotterTests */ = {
			isa = PBXGroup;
			children = (
				17D6F80C1E95AE61004F3965 /* WorldTrotterTests.swift */,
				17D6F80E1E95AE61004F3965 /* Info.plist */,
			);
			path = WorldTrotterTests;
			sourceTree = "<group>";
		};
		17D6F8161E95AE61004F3965 /* WorldTrotterUITests */ = {
			isa = PBXGroup;
			children = (
				17D6F8171E95AE61004F3965 /* WorldTrotterUITests.swift */,
				17D6F8191E95AE61004F3965 /* Info.plist */,
			);
			path = WorldTrotterUITests;
			sourceTree = "<group>";
		};
/* End PBXGroup section */

/* Begin PBXNativeTarget section */
		17D6F7F31E95AE61004F3965 /* WorldTrotter */ = {
			isa = PBXNativeTarget;
			buildConfigurationList = 17D6F81C1E95AE61004F3965 /* Build configuration list for PBXNativeTarget "WorldTrotter" */;
			buildPhases = (
				17D6F7F01E95AE61004F3965 /* Sources */,
				17D6F7F11E95AE61004F3965 /* Frameworks */,
				17D6F7F21E95AE61004F3965 /* Resources */,
			);
			buildRules = (
			);
			dependencies = (
			);
			name = WorldTrotter;
			productName = WorldTrotter;
			productReference = 17D6F7F41E95AE61004F3965 /* WorldTrotter.app */;
			productType = "com.apple.product-type.application";
		};
		17D6F8071E95AE61004F3965 /* WorldTrotterTests */ = {
			isa = PBXNativeTarget;
			buildConfigurationList = 17D6F81F1E95AE61004F3965 /* Build configuration list for PBXNativeTarget "WorldTrotterTests" */;
			buildPhases = (
				17D6F8041E95AE61004F3965 /* Sources */,
				17D6F8051E95AE61004F3965 /* Frameworks */,
				17D6F8061E95AE61004F3965 /* Resources */,
			);
			buildRules = (
			);
			dependencies = (
				17D6F80A1E95AE61004F3965 /* PBXTargetDependency */,
			);
			name = WorldTrotterTests;
			productName = WorldTrotterTests;
			productReference = 17D6F8081E95AE61004F3965 /* WorldTrotterTests.xctest */;
			productType = "com.apple.product-type.bundle.unit-test";
		};
		17D6F8121E95AE61004F3965 /* WorldTrotterUITests */ = {
			isa = PBXNativeTarget;
			buildConfigurationList = 17D6F8221E95AE61004F3965 /* Build configuration list for PBXNativeTarget "WorldTrotterUITests" */;
			buildPhases = (
				17D6F80F1E95AE61004F3965 /* Sources */,
				17D6F8101E95AE61004F3965 /* Frameworks */,
				17D6F8111E95AE61004F3965 /* Resources */,
			);
			buildRules = (
			);
			dependencies = (
				17D6F8151E95AE61004F3965 /* PBXTargetDependency */,
			);
			name = WorldTrotterUITests;
			productName = WorldTrotterUITests;
			productReference = 17D6F8131E95AE61004F3965 /* WorldTrotterUITests.xctest */;
			productType = "com.apple.product-type.bundle.ui-testing";
		};
/* End PBXNativeTarget section */

/* Begin PBXProject section */
		17D6F7EC1E95AE60004F3965 /* Project object */ = {
			isa = PBXProject;
			attributes = {
				LastSwiftUpdateCheck = 0830;
				LastUpgradeCheck = 0830;
				ORGANIZATIONNAME = "Radu Sepetan";
				TargetAttributes = {
					17D6F7F31E95AE61004F3965 = {
						CreatedOnToolsVersion = 8.3;
						ProvisioningStyle = Automatic;
					};
					17D6F8071E95AE61004F3965 = {
						CreatedOnToolsVersion = 8.3;
						ProvisioningStyle = Automatic;
						TestTargetID = 17D6F7F31E95AE61004F3965;
					};
					17D6F8121E95AE61004F3965 = {
						CreatedOnToolsVersion = 8.3;
						ProvisioningStyle = Automatic;
						TestTargetID = 17D6F7F31E95AE61004F3965;
					};
				};
			};
			buildConfigurationList = 17D6F7EF1E95AE60004F3965 /* Build configuration list for PBXProject "WorldTrotter" */;
			compatibilityVersion = "Xcode 3.2";
			developmentRegion = English;
			hasScannedForEncodings = 0;
			knownRegions = (
				en,
				Base,
			);
			mainGroup = 17D6F7EB1E95AE60004F3965;
			productRefGroup = 17D6F7F51E95AE61004F3965 /* Products */;
			projectDirPath = "";
			projectRoot = "";
			targets = (
				17D6F7F31E95AE61004F3965 /* WorldTrotter */,
				17D6F8071E95AE61004F3965 /* WorldTrotterTests */,
				17D6F8121E95AE61004F3965 /* WorldTrotterUITests */,
			);
		};
/* End PBXProject section */

/* Begin PBXResourcesBuildPhase section */
		17D6F7F21E95AE61004F3965 /* Resources */ = {
			isa = PBXResourcesBuildPhase;
			buildActionMask = 2147483647;
			files = (
				17D6F8021E95AE61004F3965 /* LaunchScreen.storyboard in Resources */,
				17D6F7FF1E95AE61004F3965 /* Assets.xcassets in Resources */,
				17D6F7FD1E95AE61004F3965 /* Main.storyboard in Resources */,
			);
			runOnlyForDeploymentPostprocessing = 0;
		};
		17D6F8061E95AE61004F3965 /* Resources */ = {
			isa = PBXResourcesBuildPhase;
			buildActionMask = 2147483647;
			files = (
			);
			runOnlyForDeploymentPostprocessing = 0;
		};
		17D6F8111E95AE61004F3965 /* Resources */ = {
			isa = PBXResourcesBuildPhase;
			buildActionMask = 2147483647;
			files = (
			);
			runOnlyForDeploymentPostprocessing = 0;
		};
/* End PBXResourcesBuildPhase section */

/* Begin PBXSourcesBuildPhase section */
		17D6F7F01E95AE61004F3965 /* Sources */ = {
			isa = PBXSourcesBuildPhase;
			buildActionMask = 2147483647;
			files = (
				17897E381E98143D007F92C6 /* ConversionViewController.swift in Sources */,
				17D6F7F81E95AE61004F3965 /* AppDelegate.swift in Sources */,
			);
			runOnlyForDeploymentPostprocessing = 0;
		};
		17D6F8041E95AE61004F3965 /* Sources */ = {
			isa = PBXSourcesBuildPhase;
			buildActionMask = 2147483647;
			files = (
				17D6F80D1E95AE61004F3965 /* WorldTrotterTests.swift in Sources */,
			);
			runOnlyForDeploymentPostprocessing = 0;
		};
		17D6F80F1E95AE61004F3965 /* Sources */ = {
			isa = PBXSourcesBuildPhase;
			buildActionMask = 2147483647;
			files = (
				17D6F8181E95AE61004F3965 /* WorldTrotterUITests.swift in Sources */,
			);
			runOnlyForDeploymentPostprocessing = 0;
		};
/* End PBXSourcesBuildPhase section */

/* Begin PBXTargetDependency section */
		17D6F80A1E95AE61004F3965 /* PBXTargetDependency */ = {
			isa = PBXTargetDependency;
			target = 17D6F7F31E95AE61004F3965 /* WorldTrotter */;
			targetProxy = 17D6F8091E95AE61004F3965 /* PBXContainerItemProxy */;
		};
		17D6F8151E95AE61004F3965 /* PBXTargetDependency */ = {
			isa = PBXTargetDependency;
			target = 17D6F7F31E95AE61004F3965 /* WorldTrotter */;
			targetProxy = 17D6F8141E95AE61004F3965 /* PBXContainerItemProxy */;
		};
/* End PBXTargetDependency section */

/* Begin PBXVariantGroup section */
		17D6F7FB1E95AE61004F3965 /* Main.storyboard */ = {
			isa = PBXVariantGroup;
			children = (
				17D6F7FC1E95AE61004F3965 /* Base */,
			);
			name = Main.storyboard;
			sourceTree = "<group>";
		};
		17D6F8001E95AE61004F3965 /* LaunchScreen.storyboard */ = {
			isa = PBXVariantGroup;
			children = (
				17D6F8011E95AE61004F3965 /* Base */,
			);
			name = LaunchScreen.storyboard;
			sourceTree = "<group>";
		};
/* End PBXVariantGroup section */

/* Begin XCBuildConfiguration section */
		17D6F81A1E95AE61004F3965 /* Debug */ = {
			isa = XCBuildConfiguration;
			buildSettings = {
				ALWAYS_SEARCH_USER_PATHS = NO;
				CLANG_ANALYZER_NONNULL = YES;
				CLANG_ANALYZER_NUMBER_OBJECT_CONVERSION = YES_AGGRESSIVE;
				CLANG_CXX_LANGUAGE_STANDARD = "gnu++0x";
				CLANG_CXX_LIBRARY = "libc++";
				CLANG_ENABLE_MODULES = YES;
				CLANG_ENABLE_OBJC_ARC = YES;
				CLANG_WARN_BOOL_CONVERSION = YES;
				CLANG_WARN_CONSTANT_CONVERSION = YES;
				CLANG_WARN_DIRECT_OBJC_ISA_USAGE = YES_ERROR;
				CLANG_WARN_DOCUMENTATION_COMMENTS = YES;
				CLANG_WARN_EMPTY_BODY = YES;
				CLANG_WARN_ENUM_CONVERSION = YES;
				CLANG_WARN_INFINITE_RECURSION = YES;
				CLANG_WARN_INT_CONVERSION = YES;
				CLANG_WARN_OBJC_ROOT_CLASS = YES_ERROR;
				CLANG_WARN_SUSPICIOUS_MOVE = YES;
				CLANG_WARN_UNREACHABLE_CODE = YES;
				CLANG_WARN__DUPLICATE_METHOD_MATCH = YES;
				"CODE_SIGN_IDENTITY[sdk=iphoneos*]" = "iPhone Developer";
				COPY_PHASE_STRIP = NO;
				DEBUG_INFORMATION_FORMAT = dwarf;
				ENABLE_STRICT_OBJC_MSGSEND = YES;
				ENABLE_TESTABILITY = YES;
				GCC_C_LANGUAGE_STANDARD = gnu99;
				GCC_DYNAMIC_NO_PIC = NO;
				GCC_NO_COMMON_BLOCKS = YES;
				GCC_OPTIMIZATION_LEVEL = 0;
				GCC_PREPROCESSOR_DEFINITIONS = (
					"DEBUG=1",
					"$(inherited)",
				);
				GCC_WARN_64_TO_32_BIT_CONVERSION = YES;
				GCC_WARN_ABOUT_RETURN_TYPE = YES_ERROR;
				GCC_WARN_UNDECLARED_SELECTOR = YES;
				GCC_WARN_UNINITIALIZED_AUTOS = YES_AGGRESSIVE;
				GCC_WARN_UNUSED_FUNCTION = YES;
				GCC_WARN_UNUSED_VARIABLE = YES;
				IPHONEOS_DEPLOYMENT_TARGET = 10.3;
				MTL_ENABLE_DEBUG_INFO = YES;
				ONLY_ACTIVE_ARCH = YES;
				SDKROOT = iphoneos;
				SWIFT_ACTIVE_COMPILATION_CONDITIONS = DEBUG;
				SWIFT_OPTIMIZATION_LEVEL = "-Onone";
				TARGETED_DEVICE_FAMILY = "1,2";
			};
			name = Debug;
		};
		17D6F81B1E95AE61004F3965 /* Release */ = {
			isa = XCBuildConfiguration;
			buildSettings = {
				ALWAYS_SEARCH_USER_PATHS = NO;
				CLANG_ANALYZER_NONNULL = YES;
				CLANG_ANALYZER_NUMBER_OBJECT_CONVERSION = YES_AGGRESSIVE;
				CLANG_CXX_LANGUAGE_STANDARD = "gnu++0x";
				CLANG_CXX_LIBRARY = "libc++";
				CLANG_ENABLE_MODULES = YES;
				CLANG_ENABLE_OBJC_ARC = YES;
				CLANG_WARN_BOOL_CONVERSION = YES;
				CLANG_WARN_CONSTANT_CONVERSION = YES;
				CLANG_WARN_DIRECT_OBJC_ISA_USAGE = YES_ERROR;
				CLANG_WARN_DOCUMENTATION_COMMENTS = YES;
				CLANG_WARN_EMPTY_BODY = YES;
				CLANG_WARN_ENUM_CONVERSION = YES;
				CLANG_WARN_INFINITE_RECURSION = YES;
				CLANG_WARN_INT_CONVERSION = YES;
				CLANG_WARN_OBJC_ROOT_CLASS = YES_ERROR;
				CLANG_WARN_SUSPICIOUS_MOVE = YES;
				CLANG_WARN_UNREACHABLE_CODE = YES;
				CLANG_WARN__DUPLICATE_METHOD_MATCH = YES;
				"CODE_SIGN_IDENTITY[sdk=iphoneos*]" = "iPhone Developer";
				COPY_PHASE_STRIP = NO;
				DEBUG_INFORMATION_FORMAT = "dwarf-with-dsym";
				ENABLE_NS_ASSERTIONS = NO;
				ENABLE_STRICT_OBJC_MSGSEND = YES;
				GCC_C_LANGUAGE_STANDARD = gnu99;
				GCC_NO_COMMON_BLOCKS = YES;
				GCC_WARN_64_TO_32_BIT_CONVERSION = YES;
				GCC_WARN_ABOUT_RETURN_TYPE = YES_ERROR;
				GCC_WARN_UNDECLARED_SELECTOR = YES;
				GCC_WARN_UNINITIALIZED_AUTOS = YES_AGGRESSIVE;
				GCC_WARN_UNUSED_FUNCTION = YES;
				GCC_WARN_UNUSED_VARIABLE = YES;
				IPHONEOS_DEPLOYMENT_TARGET = 10.3;
				MTL_ENABLE_DEBUG_INFO = NO;
				SDKROOT = iphoneos;
				SWIFT_OPTIMIZATION_LEVEL = "-Owholemodule";
				TARGETED_DEVICE_FAMILY = "1,2";
				VALIDATE_PRODUCT = YES;
			};
			name = Release;
		};
		17D6F81D1E95AE61004F3965 /* Debug */ = {
			isa = XCBuildConfiguration;
			buildSettings = {
				ASSETCATALOG_COMPILER_APPICON_NAME = AppIcon;
				INFOPLIST_FILE = WorldTrotter/Info.plist;
				LD_RUNPATH_SEARCH_PATHS = "$(inherited) @executable_path/Frameworks";
				PRODUCT_BUNDLE_IDENTIFIER = com.bignerdranch.WorldTrotter;
				PRODUCT_NAME = "$(TARGET_NAME)";
				SWIFT_VERSION = 3.0;
			};
			name = Debug;
		};
		17D6F81E1E95AE61004F3965 /* Release */ = {
			isa = XCBuildConfiguration;
			buildSettings = {
				ASSETCATALOG_COMPILER_APPICON_NAME = AppIcon;
				INFOPLIST_FILE = WorldTrotter/Info.plist;
				LD_RUNPATH_SEARCH_PATHS = "$(inherited) @executable_path/Frameworks";
				PRODUCT_BUNDLE_IDENTIFIER = com.bignerdranch.WorldTrotter;
				PRODUCT_NAME = "$(TARGET_NAME)";
				SWIFT_VERSION = 3.0;
			};
			name = Release;
		};
		17D6F8201E95AE61004F3965 /* Debug */ = {
			isa = XCBuildConfiguration;
			buildSettings = {
				ALWAYS_EMBED_SWIFT_STANDARD_LIBRARIES = YES;
				BUNDLE_LOADER = "$(TEST_HOST)";
				INFOPLIST_FILE = WorldTrotterTests/Info.plist;
				LD_RUNPATH_SEARCH_PATHS = "$(inherited) @executable_path/Frameworks @loader_path/Frameworks";
				PRODUCT_BUNDLE_IDENTIFIER = com.bignerdranch.WorldTrotterTests;
				PRODUCT_NAME = "$(TARGET_NAME)";
				SWIFT_VERSION = 3.0;
				TEST_HOST = "$(BUILT_PRODUCTS_DIR)/WorldTrotter.app/WorldTrotter";
			};
			name = Debug;
		};
		17D6F8211E95AE61004F3965 /* Release */ = {
			isa = XCBuildConfiguration;
			buildSettings = {
				ALWAYS_EMBED_SWIFT_STANDARD_LIBRARIES = YES;
				BUNDLE_LOADER = "$(TEST_HOST)";
				INFOPLIST_FILE = WorldTrotterTests/Info.plist;
				LD_RUNPATH_SEARCH_PATHS = "$(inherited) @executable_path/Frameworks @loader_path/Frameworks";
				PRODUCT_BUNDLE_IDENTIFIER = com.bignerdranch.WorldTrotterTests;
				PRODUCT_NAME = "$(TARGET_NAME)";
				SWIFT_VERSION = 3.0;
				TEST_HOST = "$(BUILT_PRODUCTS_DIR)/WorldTrotter.app/WorldTrotter";
			};
			name = Release;
		};
		17D6F8231E95AE61004F3965 /* Debug */ = {
			isa = XCBuildConfiguration;
			buildSettings = {
				ALWAYS_EMBED_SWIFT_STANDARD_LIBRARIES = YES;
				INFOPLIST_FILE = WorldTrotterUITests/Info.plist;
				LD_RUNPATH_SEARCH_PATHS = "$(inherited) @executable_path/Frameworks @loader_path/Frameworks";
				PRODUCT_BUNDLE_IDENTIFIER = com.bignerdranch.WorldTrotterUITests;
				PRODUCT_NAME = "$(TARGET_NAME)";
				SWIFT_VERSION = 3.0;
				TEST_TARGET_NAME = WorldTrotter;
			};
			name = Debug;
		};
		17D6F8241E95AE61004F3965 /* Release */ = {
			isa = XCBuildConfiguration;
			buildSettings = {
				ALWAYS_EMBED_SWIFT_STANDARD_LIBRARIES = YES;
				INFOPLIST_FILE = WorldTrotterUITests/Info.plist;
				LD_RUNPATH_SEARCH_PATHS = "$(inherited) @executable_path/Frameworks @loader_path/Frameworks";
				PRODUCT_BUNDLE_IDENTIFIER = com.bignerdranch.WorldTrotterUITests;
				PRODUCT_NAME = "$(TARGET_NAME)";
				SWIFT_VERSION = 3.0;
				TEST_TARGET_NAME = WorldTrotter;
			};
			name = Release;
		};
/* End XCBuildConfiguration section */

/* Begin XCConfigurationList section */
		17D6F7EF1E95AE60004F3965 /* Build configuration list for PBXProject "WorldTrotter" */ = {
			isa = XCConfigurationList;
			buildConfigurations = (
				17D6F81A1E95AE61004F3965 /* Debug */,
				17D6F81B1E95AE61004F3965 /* Release */,
			);
			defaultConfigurationIsVisible = 0;
			defaultConfigurationName = Release;
		};
		17D6F81C1E95AE61004F3965 /* Build configuration list for PBXNativeTarget "WorldTrotter" */ = {
			isa = XCConfigurationList;
			buildConfigurations = (
				17D6F81D1E95AE61004F3965 /* Debug */,
				17D6F81E1E95AE61004F3965 /* Release */,
			);
			defaultConfigurationIsVisible = 0;
			defaultConfigurationName = Release;
		};
		17D6F81F1E95AE61004F3965 /* Build configuration list for PBXNativeTarget "WorldTrotterTests" */ = {
			isa = XCConfigurationList;
			buildConfigurations = (
				17D6F8201E95AE61004F3965 /* Debug */,
				17D6F8211E95AE61004F3965 /* Release */,
			);
			defaultConfigurationIsVisible = 0;
			defaultConfigurationName = Release;
		};
		17D6F8221E95AE61004F3965 /* Build configuration list for PBXNativeTarget "WorldTrotterUITests" */ = {
			isa = XCConfigurationList;
			buildConfigurations = (
				17D6F8231E95AE61004F3965 /* Debug */,
				17D6F8241E95AE61004F3965 /* Release */,
			);
			defaultConfigurationIsVisible = 0;
			defaultConfigurationName = Release;
		};
/* End XCConfigurationList section */
	};
	rootObject = 17D6F7EC1E95AE60004F3965 /* Project object */;
}
